
Microsoft Visual Studio Solution File, Format Version 12.00
# Visual Studio Version 17
VisualStudioVersion = 17.0.31903.59
MinimumVisualStudioVersion = 10.0.40219.1
Project("{2150E333-8FDC-42A3-9474-1A3956D46DE8}") = "shared", "shared", "{02B0D623-BB69-40AC-B4C4-021EBA227E6F}"
EndProject
Project("{FAE04EC0-301F-11D3-BF4B-00C04F79EFBC}") = "CienceTerminal.Contracts", "shared\CienceTerminal.Contracts\CienceTerminal.Contracts.csproj", "{266A4345-ED5B-4923-ADC8-F339650D443C}"
EndProject
Project("{FAE04EC0-301F-11D3-BF4B-00C04F79EFBC}") = "CienceTerminal.Common", "shared\CienceTerminal.Common\CienceTerminal.Common.csproj", "{43D4A638-70F7-44C6-AAE6-398EADBBF8DA}"
EndProject
Project("{FAE04EC0-301F-11D3-BF4B-00C04F79EFBC}") = "CienceTerminal.AWS", "shared\CienceTerminal.AWS\CienceTerminal.AWS.csproj", "{8B2E4C1F-A2D6-4E77-9F82-123456789ABC}"
EndProject
Project("{2150E333-8FDC-42A3-9474-1A3956D46DE8}") = "services", "services", "{3077DC40-FF15-4D44-89DC-2CB437BEAC31}"
EndProject
Project("{2150E333-8FDC-42A3-9474-1A3956D46DE8}") = "twitter-scanner", "twitter-scanner", "{A5948473-AC0C-49CD-8246-A0FB380E2BE9}"
EndProject
Project("{2150E333-8FDC-42A3-9474-1A3956D46DE8}") = "src", "src", "{96412E98-F335-40F2-A9C9-D9DA5127A7E4}"
EndProject
Project("{FAE04EC0-301F-11D3-BF4B-00C04F79EFBC}") = "TwitterScanner.Domain", "services\twitter-scanner\src\TwitterScanner.Domain\TwitterScanner.Domain.csproj", "{781E78D4-18E8-4923-AFE8-F4271658FF0D}"
EndProject
Project("{FAE04EC0-301F-11D3-BF4B-00C04F79EFBC}") = "TwitterScanner.Application", "services\twitter-scanner\src\TwitterScanner.Application\TwitterScanner.Application.csproj", "{DF7BF746-BA54-4728-A407-1EB3AFEA130C}"
EndProject
Project("{FAE04EC0-301F-11D3-BF4B-00C04F79EFBC}") = "TwitterScanner.Infrastructure", "services\twitter-scanner\src\TwitterScanner.Infrastructure\TwitterScanner.Infrastructure.csproj", "{73A8A502-9BBC-4AA4-AA67-ED314157D4F5}"
EndProject
Project("{FAE04EC0-301F-11D3-BF4B-00C04F79EFBC}") = "TwitterScanner.API", "services\twitter-scanner\src\TwitterScanner.API\TwitterScanner.API.csproj", "{8E1F165D-3EED-4803-B0F8-7E6D3686065E}"
EndProject
Project("{2150E333-8FDC-42A3-9474-1A3956D46DE8}") = "alert-service", "alert-service", "{9775648E-6BF3-4D26-AAFE-64E1EC1A9476}"
EndProject
Project("{2150E333-8FDC-42A3-9474-1A3956D46DE8}") = "src", "src", "{457E5C26-D8F0-4CB1-86BB-A5FC3A5162D5}"
EndProject
Project("{FAE04EC0-301F-11D3-BF4B-00C04F79EFBC}") = "AlertService.Domain", "services\alert-service\src\AlertService.Domain\AlertService.Domain.csproj", "{E3A5F5A9-CEA4-4E11-92E9-26B70A8AF7D7}"
EndProject
Project("{FAE04EC0-301F-11D3-BF4B-00C04F79EFBC}") = "AlertService.Application", "services\alert-service\src\AlertService.Application\AlertService.Application.csproj", "{7B83C413-5086-4049-9138-D83AF8E581BC}"
EndProject
Project("{FAE04EC0-301F-11D3-BF4B-00C04F79EFBC}") = "AlertService.Infrastructure", "services\alert-service\src\AlertService.Infrastructure\AlertService.Infrastructure.csproj", "{0F6E6E53-E9EB-4A75-A361-2DB3E2CA561B}"
EndProject
Project("{FAE04EC0-301F-11D3-BF4B-00C04F79EFBC}") = "AlertService.API", "services\alert-service\src\AlertService.API\AlertService.API.csproj", "{D5AB73B7-9EC8-454F-B376-C93C863C6005}"
EndProject
Project("{2150E333-8FDC-42A3-9474-1A3956D46DE8}") = "api-gateway", "api-gateway", "{F9E8A7B6-1234-4567-8901-234567890ABC}"
EndProject
Project("{2150E333-8FDC-42A3-9474-1A3956D46DE8}") = "src", "src", "{B1C2D3E4-5678-9012-3456-789012345678}"
EndProject
Project("{FAE04EC0-301F-11D3-BF4B-00C04F79EFBC}") = "ApiGateway.API", "services\api-gateway\src\ApiGateway.API\ApiGateway.API.csproj", "{A1B2C3D4-E5F6-7890-1234-567890123456}"
EndProject
Project("{2150E333-8FDC-42A3-9474-1A3956D46DE8}") = "token-metrics-service", "token-metrics-service", "{53853A1C-FB2B-4BD6-A98E-254FA229C517}"
EndProject
Project("{2150E333-8FDC-42A3-9474-1A3956D46DE8}") = "src", "src", "{3B408D0D-D0C0-4FF6-9D73-A9B614A7348E}"
EndProject
Project("{FAE04EC0-301F-11D3-BF4B-00C04F79EFBC}") = "TokenMetrics.Domain", "services\token-metrics-service\src\TokenMetrics.Domain\TokenMetrics.Domain.csproj", "{903DBB2B-FAB4-4ECE-AA32-3C322FE586B9}"
EndProject
Project("{FAE04EC0-301F-11D3-BF4B-00C04F79EFBC}") = "TokenMetrics.Application", "services\token-metrics-service\src\TokenMetrics.Application\TokenMetrics.Application.csproj", "{5529C88D-BEE8-43B3-8EA5-107128E07898}"
EndProject
Project("{FAE04EC0-301F-11D3-BF4B-00C04F79EFBC}") = "TokenMetrics.Infrastructure", "services\token-metrics-service\src\TokenMetrics.Infrastructure\TokenMetrics.Infrastructure.csproj", "{2476977F-4A52-49DB-9AB2-40A7B5D16F8A}"
EndProject
Project("{FAE04EC0-301F-11D3-BF4B-00C04F79EFBC}") = "TokenMetrics.API", "services\token-metrics-service\src\TokenMetrics.API\TokenMetrics.API.csproj", "{CC0F2E51-13AC-4F63-99D5-5A880D16E01C}"
EndProject
Global
	GlobalSection(SolutionConfigurationPlatforms) = preSolution
		Debug|Any CPU = Debug|Any CPU
		Release|Any CPU = Release|Any CPU
	EndGlobalSection
	GlobalSection(SolutionProperties) = preSolution
		HideSolutionNode = FALSE
	EndGlobalSection
	GlobalSection(ProjectConfigurationPlatforms) = postSolution
		{266A4345-ED5B-4923-ADC8-F339650D443C}.Debug|Any CPU.ActiveCfg = Debug|Any CPU
		{266A4345-ED5B-4923-ADC8-F339650D443C}.Debug|Any CPU.Build.0 = Debug|Any CPU
		{266A4345-ED5B-4923-ADC8-F339650D443C}.Release|Any CPU.ActiveCfg = Release|Any CPU
		{266A4345-ED5B-4923-ADC8-F339650D443C}.Release|Any CPU.Build.0 = Release|Any CPU
		{43D4A638-70F7-44C6-AAE6-398EADBBF8DA}.Debug|Any CPU.ActiveCfg = Debug|Any CPU
		{43D4A638-70F7-44C6-AAE6-398EADBBF8DA}.Debug|Any CPU.Build.0 = Debug|Any CPU
		{43D4A638-70F7-44C6-AAE6-398EADBBF8DA}.Release|Any CPU.ActiveCfg = Release|Any CPU
		{43D4A638-70F7-44C6-AAE6-398EADBBF8DA}.Release|Any CPU.Build.0 = Release|Any CPU
		{8B2E4C1F-A2D6-4E77-9F82-123456789ABC}.Debug|Any CPU.ActiveCfg = Debug|Any CPU
		{8B2E4C1F-A2D6-4E77-9F82-123456789ABC}.Debug|Any CPU.Build.0 = Debug|Any CPU
		{8B2E4C1F-A2D6-4E77-9F82-123456789ABC}.Release|Any CPU.ActiveCfg = Release|Any CPU
		{8B2E4C1F-A2D6-4E77-9F82-123456789ABC}.Release|Any CPU.Build.0 = Release|Any CPU
		{781E78D4-18E8-4923-AFE8-F4271658FF0D}.Debug|Any CPU.ActiveCfg = Debug|Any CPU
		{781E78D4-18E8-4923-AFE8-F4271658FF0D}.Debug|Any CPU.Build.0 = Debug|Any CPU
		{781E78D4-18E8-4923-AFE8-F4271658FF0D}.Release|Any CPU.ActiveCfg = Release|Any CPU
		{781E78D4-18E8-4923-AFE8-F4271658FF0D}.Release|Any CPU.Build.0 = Release|Any CPU
		{DF7BF746-BA54-4728-A407-1EB3AFEA130C}.Debug|Any CPU.ActiveCfg = Debug|Any CPU
		{DF7BF746-BA54-4728-A407-1EB3AFEA130C}.Debug|Any CPU.Build.0 = Debug|Any CPU
		{DF7BF746-BA54-4728-A407-1EB3AFEA130C}.Release|Any CPU.ActiveCfg = Release|Any CPU
		{DF7BF746-BA54-4728-A407-1EB3AFEA130C}.Release|Any CPU.Build.0 = Release|Any CPU
		{73A8A502-9BBC-4AA4-AA67-ED314157D4F5}.Debug|Any CPU.ActiveCfg = Debug|Any CPU
		{73A8A502-9BBC-4AA4-AA67-ED314157D4F5}.Debug|Any CPU.Build.0 = Debug|Any CPU
		{73A8A502-9BBC-4AA4-AA67-ED314157D4F5}.Release|Any CPU.ActiveCfg = Release|Any CPU
		{73A8A502-9BBC-4AA4-AA67-ED314157D4F5}.Release|Any CPU.Build.0 = Release|Any CPU
		{8E1F165D-3EED-4803-B0F8-7E6D3686065E}.Debug|Any CPU.ActiveCfg = Debug|Any CPU
		{8E1F165D-3EED-4803-B0F8-7E6D3686065E}.Debug|Any CPU.Build.0 = Debug|Any CPU
		{8E1F165D-3EED-4803-B0F8-7E6D3686065E}.Release|Any CPU.ActiveCfg = Release|Any CPU
		{8E1F165D-3EED-4803-B0F8-7E6D3686065E}.Release|Any CPU.Build.0 = Release|Any CPU
		{E3A5F5A9-CEA4-4E11-92E9-26B70A8AF7D7}.Debug|Any CPU.ActiveCfg = Debug|Any CPU
		{E3A5F5A9-CEA4-4E11-92E9-26B70A8AF7D7}.Debug|Any CPU.Build.0 = Debug|Any CPU
		{E3A5F5A9-CEA4-4E11-92E9-26B70A8AF7D7}.Release|Any CPU.ActiveCfg = Release|Any CPU
		{E3A5F5A9-CEA4-4E11-92E9-26B70A8AF7D7}.Release|Any CPU.Build.0 = Release|Any CPU
		{7B83C413-5086-4049-9138-D83AF8E581BC}.Debug|Any CPU.ActiveCfg = Debug|Any CPU
		{7B83C413-5086-4049-9138-D83AF8E581BC}.Debug|Any CPU.Build.0 = Debug|Any CPU
		{7B83C413-5086-4049-9138-D83AF8E581BC}.Release|Any CPU.ActiveCfg = Release|Any CPU
		{7B83C413-5086-4049-9138-D83AF8E581BC}.Release|Any CPU.Build.0 = Release|Any CPU
		{0F6E6E53-E9EB-4A75-A361-2DB3E2CA561B}.Debug|Any CPU.ActiveCfg = Debug|Any CPU
		{0F6E6E53-E9EB-4A75-A361-2DB3E2CA561B}.Debug|Any CPU.Build.0 = Debug|Any CPU
		{0F6E6E53-E9EB-4A75-A361-2DB3E2CA561B}.Release|Any CPU.ActiveCfg = Release|Any CPU
		{0F6E6E53-E9EB-4A75-A361-2DB3E2CA561B}.Release|Any CPU.Build.0 = Release|Any CPU
		{D5AB73B7-9EC8-454F-B376-C93C863C6005}.Debug|Any CPU.ActiveCfg = Debug|Any CPU
		{D5AB73B7-9EC8-454F-B376-C93C863C6005}.Debug|Any CPU.Build.0 = Debug|Any CPU
		{D5AB73B7-9EC8-454F-B376-C93C863C6005}.Release|Any CPU.ActiveCfg = Release|Any CPU
		{D5AB73B7-9EC8-454F-B376-C93C863C6005}.Release|Any CPU.Build.0 = Release|Any CPU
		{A1B2C3D4-E5F6-7890-1234-567890123456}.Debug|Any CPU.ActiveCfg = Debug|Any CPU
		{A1B2C3D4-E5F6-7890-1234-567890123456}.Debug|Any CPU.Build.0 = Debug|Any CPU
		{A1B2C3D4-E5F6-7890-1234-567890123456}.Release|Any CPU.ActiveCfg = Release|Any CPU
		{A1B2C3D4-E5F6-7890-1234-567890123456}.Release|Any CPU.Build.0 = Release|Any CPU
		{903DBB2B-FAB4-4ECE-AA32-3C322FE586B9}.Debug|Any CPU.ActiveCfg = Debug|Any CPU
		{903DBB2B-FAB4-4ECE-AA32-3C322FE586B9}.Debug|Any CPU.Build.0 = Debug|Any CPU
		{903DBB2B-FAB4-4ECE-AA32-3C322FE586B9}.Release|Any CPU.ActiveCfg = Release|Any CPU
		{903DBB2B-FAB4-4ECE-AA32-3C322FE586B9}.Release|Any CPU.Build.0 = Release|Any CPU
		{5529C88D-BEE8-43B3-8EA5-107128E07898}.Debug|Any CPU.ActiveCfg = Debug|Any CPU
		{5529C88D-BEE8-43B3-8EA5-107128E07898}.Debug|Any CPU.Build.0 = Debug|Any CPU
		{5529C88D-BEE8-43B3-8EA5-107128E07898}.Release|Any CPU.ActiveCfg = Release|Any CPU
		{5529C88D-BEE8-43B3-8EA5-107128E07898}.Release|Any CPU.Build.0 = Release|Any CPU
		{2476977F-4A52-49DB-9AB2-40A7B5D16F8A}.Debug|Any CPU.ActiveCfg = Debug|Any CPU
		{2476977F-4A52-49DB-9AB2-40A7B5D16F8A}.Debug|Any CPU.Build.0 = Debug|Any CPU
		{2476977F-4A52-49DB-9AB2-40A7B5D16F8A}.Release|Any CPU.ActiveCfg = Release|Any CPU
		{2476977F-4A52-49DB-9AB2-40A7B5D16F8A}.Release|Any CPU.Build.0 = Release|Any CPU
		{CC0F2E51-13AC-4F63-99D5-5A880D16E01C}.Debug|Any CPU.ActiveCfg = Debug|Any CPU
		{CC0F2E51-13AC-4F63-99D5-5A880D16E01C}.Debug|Any CPU.Build.0 = Debug|Any CPU
		{CC0F2E51-13AC-4F63-99D5-5A880D16E01C}.Release|Any CPU.ActiveCfg = Release|Any CPU
		{CC0F2E51-13AC-4F63-99D5-5A880D16E01C}.Release|Any CPU.Build.0 = Release|Any CPU
	EndGlobalSection
	GlobalSection(NestedProjects) = preSolution
		{266A4345-ED5B-4923-ADC8-F339650D443C} = {02B0D623-BB69-40AC-B4C4-021EBA227E6F}
		{43D4A638-70F7-44C6-AAE6-398EADBBF8DA} = {02B0D623-BB69-40AC-B4C4-021EBA227E6F}
		{8B2E4C1F-A2D6-4E77-9F82-123456789ABC} = {02B0D623-BB69-40AC-B4C4-021EBA227E6F}
		{A5948473-AC0C-49CD-8246-A0FB380E2BE9} = {3077DC40-FF15-4D44-89DC-2CB437BEAC31}
		{96412E98-F335-40F2-A9C9-D9DA5127A7E4} = {A5948473-AC0C-49CD-8246-A0FB380E2BE9}
		{781E78D4-18E8-4923-AFE8-F4271658FF0D} = {96412E98-F335-40F2-A9C9-D9DA5127A7E4}
		{DF7BF746-BA54-4728-A407-1EB3AFEA130C} = {96412E98-F335-40F2-A9C9-D9DA5127A7E4}
		{73A8A502-9BBC-4AA4-AA67-ED314157D4F5} = {96412E98-F335-40F2-A9C9-D9DA5127A7E4}
		{8E1F165D-3EED-4803-B0F8-7E6D3686065E} = {96412E98-F335-40F2-A9C9-D9DA5127A7E4}
		{9775648E-6BF3-4D26-AAFE-64E1EC1A9476} = {3077DC40-FF15-4D44-89DC-2CB437BEAC31}
		{457E5C26-D8F0-4CB1-86BB-A5FC3A5162D5} = {9775648E-6BF3-4D26-AAFE-64E1EC1A9476}
		{E3A5F5A9-CEA4-4E11-92E9-26B70A8AF7D7} = {457E5C26-D8F0-4CB1-86BB-A5FC3A5162D5}
		{7B83C413-5086-4049-9138-D83AF8E581BC} = {457E5C26-D8F0-4CB1-86BB-A5FC3A5162D5}
		{0F6E6E53-E9EB-4A75-A361-2DB3E2CA561B} = {457E5C26-D8F0-4CB1-86BB-A5FC3A5162D5}
		{D5AB73B7-9EC8-454F-B376-C93C863C6005} = {457E5C26-D8F0-4CB1-86BB-A5FC3A5162D5}
		{F9E8A7B6-1234-4567-8901-234567890ABC} = {3077DC40-FF15-4D44-89DC-2CB437BEAC31}
		{B1C2D3E4-5678-9012-3456-789012345678} = {F9E8A7B6-1234-4567-8901-234567890ABC}
		{A1B2C3D4-E5F6-7890-1234-567890123456} = {B1C2D3E4-5678-9012-3456-789012345678}
		{53853A1C-FB2B-4BD6-A98E-254FA229C517} = {3077DC40-FF15-4D44-89DC-2CB437BEAC31}
		{3B408D0D-D0C0-4FF6-9D73-A9B614A7348E} = {53853A1C-FB2B-4BD6-A98E-254FA229C517}
		{903DBB2B-FAB4-4ECE-AA32-3C322FE586B9} = {3B408D0D-D0C0-4FF6-9D73-A9B614A7348E}
		{5529C88D-BEE8-43B3-8EA5-107128E07898} = {3B408D0D-D0C0-4FF6-9D73-A9B614A7348E}
		{2476977F-4A52-49DB-9AB2-40A7B5D16F8A} = {3B408D0D-D0C0-4FF6-9D73-A9B614A7348E}
		{CC0F2E51-13AC-4F63-99D5-5A880D16E01C} = {3B408D0D-D0C0-4FF6-9D73-A9B614A7348E}
	EndGlobalSection
EndGlobal
